// !$*UTF8*$!
{
	archiveVersion = 1;
	classes = {
	};
	objectVersion = 50;
	objects = {

/* Begin PBXBuildFile section */
		4C01639C221F3CA80051C24E /* AppDelegate.swift in Sources */ = {isa = PBXBuildFile; fileRef = 4C01639B221F3CA80051C24E /* AppDelegate.swift */; };
		4C01639E221F3CA80051C24E /* ViewController.swift in Sources */ = {isa = PBXBuildFile; fileRef = 4C01639D221F3CA80051C24E /* ViewController.swift */; };
		4C0163A1221F3CA80051C24E /* Main.storyboard in Resources */ = {isa = PBXBuildFile; fileRef = 4C01639F221F3CA80051C24E /* Main.storyboard */; };
		4C0163A3221F3CA90051C24E /* Assets.xcassets in Resources */ = {isa = PBXBuildFile; fileRef = 4C0163A2221F3CA90051C24E /* Assets.xcassets */; };
		4C0163A6221F3CA90051C24E /* LaunchScreen.storyboard in Resources */ = {isa = PBXBuildFile; fileRef = 4C0163A4221F3CA90051C24E /* LaunchScreen.storyboard */; };
		4C0163AE221F44630051C24E /* viewControllerTwo.swift in Sources */ = {isa = PBXBuildFile; fileRef = 4C0163AD221F44630051C24E /* viewControllerTwo.swift */; };
		4C0163B022248CD50051C24E /* viewControllerThree.swift in Sources */ = {isa = PBXBuildFile; fileRef = 4C0163AF22248CD50051C24E /* viewControllerThree.swift */; };
		4C0163B2222494610051C24E /* ViewControllerFour.swift in Sources */ = {isa = PBXBuildFile; fileRef = 4C0163B1222494610051C24E /* ViewControllerFour.swift */; };
		4C0163B422249B670051C24E /* viewControllerFive.swift in Sources */ = {isa = PBXBuildFile; fileRef = 4C0163B322249B670051C24E /* viewControllerFive.swift */; };
		4C0163B62226470A0051C24E /* viewControllerSix.swift in Sources */ = {isa = PBXBuildFile; fileRef = 4C0163B52226470A0051C24E /* viewControllerSix.swift */; };
		4C3209A4222649F900ECF7B2 /* viewControllerSeven.swift in Sources */ = {isa = PBXBuildFile; fileRef = 4C3209A3222649F900ECF7B2 /* viewControllerSeven.swift */; };
		4C3209A622264C1400ECF7B2 /* ViewControllerEight.swift in Sources */ = {isa = PBXBuildFile; fileRef = 4C3209A522264C1400ECF7B2 /* ViewControllerEight.swift */; };
		4C3209A822264DFD00ECF7B2 /* ViewControllerNine.swift in Sources */ = {isa = PBXBuildFile; fileRef = 4C3209A722264DFD00ECF7B2 /* ViewControllerNine.swift */; };
		4C3209AA22264F2600ECF7B2 /* ViewControllerTen.swift in Sources */ = {isa = PBXBuildFile; fileRef = 4C3209A922264F2600ECF7B2 /* ViewControllerTen.swift */; };
		4C3209AC222791EE00ECF7B2 /* ViewControllerEleven.swift in Sources */ = {isa = PBXBuildFile; fileRef = 4C3209AB222791EE00ECF7B2 /* ViewControllerEleven.swift */; };
		4C3209AE2227930E00ECF7B2 /* ViewControllerTwelve.swift in Sources */ = {isa = PBXBuildFile; fileRef = 4C3209AD2227930E00ECF7B2 /* ViewControllerTwelve.swift */; };
		4C3209B0222793E100ECF7B2 /* ViewControllerThirteen.swift in Sources */ = {isa = PBXBuildFile; fileRef = 4C3209AF222793E100ECF7B2 /* ViewControllerThirteen.swift */; };
		4C3209B2222794E800ECF7B2 /* ViewControllerFourteen.swift in Sources */ = {isa = PBXBuildFile; fileRef = 4C3209B1222794E800ECF7B2 /* ViewControllerFourteen.swift */; };
		4C3209B42227966600ECF7B2 /* ViewControllerFifteen.swift in Sources */ = {isa = PBXBuildFile; fileRef = 4C3209B32227966600ECF7B2 /* ViewControllerFifteen.swift */; };
		4C3209B62227984600ECF7B2 /* ViewControllerSixteen.swift in Sources */ = {isa = PBXBuildFile; fileRef = 4C3209B52227984600ECF7B2 /* ViewControllerSixteen.swift */; };
		4C3209B82227BC8300ECF7B2 /* ViewControllerSeventeen.swift in Sources */ = {isa = PBXBuildFile; fileRef = 4C3209B72227BC8300ECF7B2 /* ViewControllerSeventeen.swift */; };
		4C3209BA2227BEE300ECF7B2 /* ViewControllerEighteen.swift in Sources */ = {isa = PBXBuildFile; fileRef = 4C3209B92227BEE300ECF7B2 /* ViewControllerEighteen.swift */; };
		4C3209BC2227C0DB00ECF7B2 /* ViewControllerNineteen.swift in Sources */ = {isa = PBXBuildFile; fileRef = 4C3209BB2227C0DB00ECF7B2 /* ViewControllerNineteen.swift */; };
		4C3209BE2227C21600ECF7B2 /* ViewControllerTwenty.swift in Sources */ = {isa = PBXBuildFile; fileRef = 4C3209BD2227C21600ECF7B2 /* ViewControllerTwenty.swift */; };
		4C3209C02227C36700ECF7B2 /* ViewControllerTwentyone.swift in Sources */ = {isa = PBXBuildFile; fileRef = 4C3209BF2227C36700ECF7B2 /* ViewControllerTwentyone.swift */; };
		4C3209C22227C71F00ECF7B2 /* ViewControllerTwentytwo.swift in Sources */ = {isa = PBXBuildFile; fileRef = 4C3209C12227C71F00ECF7B2 /* ViewControllerTwentytwo.swift */; };
		4C3209C42227C87900ECF7B2 /* ViewControllerTwentyThree.swift in Sources */ = {isa = PBXBuildFile; fileRef = 4C3209C32227C87900ECF7B2 /* ViewControllerTwentyThree.swift */; };
		4C3209C62227C9FF00ECF7B2 /* ViewControllerTwentyFour.swift in Sources */ = {isa = PBXBuildFile; fileRef = 4C3209C52227C9FF00ECF7B2 /* ViewControllerTwentyFour.swift */; };
		4C3209C82227CA9C00ECF7B2 /* ViewControllerTwentyfive.swift in Sources */ = {isa = PBXBuildFile; fileRef = 4C3209C72227CA9C00ECF7B2 /* ViewControllerTwentyfive.swift */; };
/* End PBXBuildFile section */

/* Begin PBXFileReference section */
		4C016398221F3CA80051C24E /* Cretean 4.app */ = {isa = PBXFileReference; explicitFileType = wrapper.application; includeInIndex = 0; path = "Cretean 4.app"; sourceTree = BUILT_PRODUCTS_DIR; };
		4C01639B221F3CA80051C24E /* AppDelegate.swift */ = {isa = PBXFileReference; lastKnownFileType = sourcecode.swift; path = AppDelegate.swift; sourceTree = "<group>"; };
		4C01639D221F3CA80051C24E /* ViewController.swift */ = {isa = PBXFileReference; lastKnownFileType = sourcecode.swift; path = ViewController.swift; sourceTree = "<group>"; };
		4C0163A0221F3CA80051C24E /* Base */ = {isa = PBXFileReference; lastKnownFileType = file.storyboard; name = Base; path = Base.lproj/Main.storyboard; sourceTree = "<group>"; };
		4C0163A2221F3CA90051C24E /* Assets.xcassets */ = {isa = PBXFileReference; lastKnownFileType = folder.assetcatalog; path = Assets.xcassets; sourceTree = "<group>"; };
		4C0163A5221F3CA90051C24E /* Base */ = {isa = PBXFileReference; lastKnownFileType = file.storyboard; name = Base; path = Base.lproj/LaunchScreen.storyboard; sourceTree = "<group>"; };
		4C0163A7221F3CA90051C24E /* Info.plist */ = {isa = PBXFileReference; lastKnownFileType = text.plist.xml; path = Info.plist; sourceTree = "<group>"; };
		4C0163AD221F44630051C24E /* viewControllerTwo.swift */ = {isa = PBXFileReference; lastKnownFileType = sourcecode.swift; path = viewControllerTwo.swift; sourceTree = "<group>"; };
		4C0163AF22248CD50051C24E /* viewControllerThree.swift */ = {isa = PBXFileReference; lastKnownFileType = sourcecode.swift; path = viewControllerThree.swift; sourceTree = "<group>"; };
		4C0163B1222494610051C24E /* ViewControllerFour.swift */ = {isa = PBXFileReference; lastKnownFileType = sourcecode.swift; path = ViewControllerFour.swift; sourceTree = "<group>"; };
		4C0163B322249B670051C24E /* viewControllerFive.swift */ = {isa = PBXFileReference; lastKnownFileType = sourcecode.swift; path = viewControllerFive.swift; sourceTree = "<group>"; };
		4C0163B52226470A0051C24E /* viewControllerSix.swift */ = {isa = PBXFileReference; lastKnownFileType = sourcecode.swift; path = viewControllerSix.swift; sourceTree = "<group>"; };
		4C3209A3222649F900ECF7B2 /* viewControllerSeven.swift */ = {isa = PBXFileReference; lastKnownFileType = sourcecode.swift; path = viewControllerSeven.swift; sourceTree = "<group>"; };
		4C3209A522264C1400ECF7B2 /* ViewControllerEight.swift */ = {isa = PBXFileReference; lastKnownFileType = sourcecode.swift; path = ViewControllerEight.swift; sourceTree = "<group>"; };
		4C3209A722264DFD00ECF7B2 /* ViewControllerNine.swift */ = {isa = PBXFileReference; lastKnownFileType = sourcecode.swift; path = ViewControllerNine.swift; sourceTree = "<group>"; };
		4C3209A922264F2600ECF7B2 /* ViewControllerTen.swift */ = {isa = PBXFileReference; lastKnownFileType = sourcecode.swift; path = ViewControllerTen.swift; sourceTree = "<group>"; };
		4C3209AB222791EE00ECF7B2 /* ViewControllerEleven.swift */ = {isa = PBXFileReference; lastKnownFileType = sourcecode.swift; path = ViewControllerEleven.swift; sourceTree = "<group>"; };
		4C3209AD2227930E00ECF7B2 /* ViewControllerTwelve.swift */ = {isa = PBXFileReference; lastKnownFileType = sourcecode.swift; path = ViewControllerTwelve.swift; sourceTree = "<group>"; };
		4C3209AF222793E100ECF7B2 /* ViewControllerThirteen.swift */ = {isa = PBXFileReference; lastKnownFileType = sourcecode.swift; path = ViewControllerThirteen.swift; sourceTree = "<group>"; };
		4C3209B1222794E800ECF7B2 /* ViewControllerFourteen.swift */ = {isa = PBXFileReference; lastKnownFileType = sourcecode.swift; path = ViewControllerFourteen.swift; sourceTree = "<group>"; };
		4C3209B32227966600ECF7B2 /* ViewControllerFifteen.swift */ = {isa = PBXFileReference; lastKnownFileType = sourcecode.swift; path = ViewControllerFifteen.swift; sourceTree = "<group>"; };
		4C3209B52227984600ECF7B2 /* ViewControllerSixteen.swift */ = {isa = PBXFileReference; lastKnownFileType = sourcecode.swift; path = ViewControllerSixteen.swift; sourceTree = "<group>"; };
		4C3209B72227BC8300ECF7B2 /* ViewControllerSeventeen.swift */ = {isa = PBXFileReference; lastKnownFileType = sourcecode.swift; path = ViewControllerSeventeen.swift; sourceTree = "<group>"; };
		4C3209B92227BEE300ECF7B2 /* ViewControllerEighteen.swift */ = {isa = PBXFileReference; lastKnownFileType = sourcecode.swift; path = ViewControllerEighteen.swift; sourceTree = "<group>"; };
		4C3209BB2227C0DB00ECF7B2 /* ViewControllerNineteen.swift */ = {isa = PBXFileReference; lastKnownFileType = sourcecode.swift; path = ViewControllerNineteen.swift; sourceTree = "<group>"; };
		4C3209BD2227C21600ECF7B2 /* ViewControllerTwenty.swift */ = {isa = PBXFileReference; lastKnownFileType = sourcecode.swift; path = ViewControllerTwenty.swift; sourceTree = "<group>"; };
		4C3209BF2227C36700ECF7B2 /* ViewControllerTwentyone.swift */ = {isa = PBXFileReference; lastKnownFileType = sourcecode.swift; path = ViewControllerTwentyone.swift; sourceTree = "<group>"; };
		4C3209C12227C71F00ECF7B2 /* ViewControllerTwentytwo.swift */ = {isa = PBXFileReference; lastKnownFileType = sourcecode.swift; path = ViewControllerTwentytwo.swift; sourceTree = "<group>"; };
		4C3209C32227C87900ECF7B2 /* ViewControllerTwentyThree.swift */ = {isa = PBXFileReference; lastKnownFileType = sourcecode.swift; path = ViewControllerTwentyThree.swift; sourceTree = "<group>"; };
		4C3209C52227C9FF00ECF7B2 /* ViewControllerTwentyFour.swift */ = {isa = PBXFileReference; lastKnownFileType = sourcecode.swift; path = ViewControllerTwentyFour.swift; sourceTree = "<group>"; };
		4C3209C72227CA9C00ECF7B2 /* ViewControllerTwentyfive.swift */ = {isa = PBXFileReference; lastKnownFileType = sourcecode.swift; path = ViewControllerTwentyfive.swift; sourceTree = "<group>"; };
/* End PBXFileReference section */

/* Begin PBXFrameworksBuildPhase section */
		4C016395221F3CA80051C24E /* Frameworks */ = {
			isa = PBXFrameworksBuildPhase;
			buildActionMask = 2147483647;
			files = (
			);
			runOnlyForDeploymentPostprocessing = 0;
		};
/* End PBXFrameworksBuildPhase section */

/* Begin PBXGroup section */
		4C01638F221F3CA80051C24E = {
			isa = PBXGroup;
			children = (
				4C01639A221F3CA80051C24E /* Cretean 4 */,
				4C016399221F3CA80051C24E /* Products */,
			);
			sourceTree = "<group>";
		};
		4C016399221F3CA80051C24E /* Products */ = {
			isa = PBXGroup;
			children = (
				4C016398221F3CA80051C24E /* Cretean 4.app */,
			);
			name = Products;
			sourceTree = "<group>";
		};
		4C01639A221F3CA80051C24E /* Cretean 4 */ = {
			isa = PBXGroup;
			children = (
				4C01639B221F3CA80051C24E /* AppDelegate.swift */,
				4C01639D221F3CA80051C24E /* ViewController.swift */,
				4C0163AF22248CD50051C24E /* viewControllerThree.swift */,
				4C0163AD221F44630051C24E /* viewControllerTwo.swift */,
				4C01639F221F3CA80051C24E /* Main.storyboard */,
				4C3209C72227CA9C00ECF7B2 /* ViewControllerTwentyfive.swift */,
				4C3209C52227C9FF00ECF7B2 /* ViewControllerTwentyFour.swift */,
				4C3209C32227C87900ECF7B2 /* ViewControllerTwentyThree.swift */,
				4C3209C12227C71F00ECF7B2 /* ViewControllerTwentytwo.swift */,
				4C3209BF2227C36700ECF7B2 /* ViewControllerTwentyone.swift */,
				4C3209BD2227C21600ECF7B2 /* ViewControllerTwenty.swift */,
				4C3209BB2227C0DB00ECF7B2 /* ViewControllerNineteen.swift */,
				4C3209B92227BEE300ECF7B2 /* ViewControllerEighteen.swift */,
				4C3209B72227BC8300ECF7B2 /* ViewControllerSeventeen.swift */,
				4C3209B52227984600ECF7B2 /* ViewControllerSixteen.swift */,
				4C3209B32227966600ECF7B2 /* ViewControllerFifteen.swift */,
				4C3209B1222794E800ECF7B2 /* ViewControllerFourteen.swift */,
				4C3209AF222793E100ECF7B2 /* ViewControllerThirteen.swift */,
				4C3209AD2227930E00ECF7B2 /* ViewControllerTwelve.swift */,
				4C3209AB222791EE00ECF7B2 /* ViewControllerEleven.swift */,
				4C3209A922264F2600ECF7B2 /* ViewControllerTen.swift */,
				4C3209A722264DFD00ECF7B2 /* ViewControllerNine.swift */,
				4C3209A522264C1400ECF7B2 /* ViewControllerEight.swift */,
				4C3209A3222649F900ECF7B2 /* viewControllerSeven.swift */,
				4C0163B52226470A0051C24E /* viewControllerSix.swift */,
				4C0163B322249B670051C24E /* viewControllerFive.swift */,
				4C0163B1222494610051C24E /* ViewControllerFour.swift */,
				4C0163A2221F3CA90051C24E /* Assets.xcassets */,
				4C0163A4221F3CA90051C24E /* LaunchScreen.storyboard */,
				4C0163A7221F3CA90051C24E /* Info.plist */,
			);
			path = "Cretean 4";
			sourceTree = "<group>";
		};
/* End PBXGroup section */

/* Begin PBXNativeTarget section */
		4C016397221F3CA80051C24E /* Cretean 4 */ = {
			isa = PBXNativeTarget;
			buildConfigurationList = 4C0163AA221F3CA90051C24E /* Build configuration list for PBXNativeTarget "Cretean 4" */;
			buildPhases = (
				4C016394221F3CA80051C24E /* Sources */,
				4C016395221F3CA80051C24E /* Frameworks */,
				4C016396221F3CA80051C24E /* Resources */,
			);
			buildRules = (
			);
			dependencies = (
			);
			name = "Cretean 4";
			productName = "Cretean 4";
			productReference = 4C016398221F3CA80051C24E /* Cretean 4.app */;
			productType = "com.apple.product-type.application";
		};
/* End PBXNativeTarget section */

/* Begin PBXProject section */
		4C016390221F3CA80051C24E /* Project object */ = {
			isa = PBXProject;
			attributes = {
				LastSwiftUpdateCheck = 1010;
				LastUpgradeCheck = 1010;
				ORGANIZATIONNAME = "Tim Arquitt, Jr.";
				TargetAttributes = {
					4C016397221F3CA80051C24E = {
						CreatedOnToolsVersion = 10.1;
					};
				};
			};
			buildConfigurationList = 4C016393221F3CA80051C24E /* Build configuration list for PBXProject "Cretean 4" */;
			compatibilityVersion = "Xcode 9.3";
			developmentRegion = en;
			hasScannedForEncodings = 0;
			knownRegions = (
				en,
				Base,
			);
			mainGroup = 4C01638F221F3CA80051C24E;
			productRefGroup = 4C016399221F3CA80051C24E /* Products */;
			projectDirPath = "";
			projectRoot = "";
			targets = (
				4C016397221F3CA80051C24E /* Cretean 4 */,
			);
		};
/* End PBXProject section */

/* Begin PBXResourcesBuildPhase section */
		4C016396221F3CA80051C24E /* Resources */ = {
			isa = PBXResourcesBuildPhase;
			buildActionMask = 2147483647;
			files = (
				4C0163A6221F3CA90051C24E /* LaunchScreen.storyboard in Resources */,
				4C0163A3221F3CA90051C24E /* Assets.xcassets in Resources */,
				4C0163A1221F3CA80051C24E /* Main.storyboard in Resources */,
			);
			runOnlyForDeploymentPostprocessing = 0;
		};
/* End PBXResourcesBuildPhase section */

/* Begin PBXSourcesBuildPhase section */
		4C016394221F3CA80051C24E /* Sources */ = {
			isa = PBXSourcesBuildPhase;
			buildActionMask = 2147483647;
			files = (
				4C3209C02227C36700ECF7B2 /* ViewControllerTwentyone.swift in Sources */,
				4C0163B422249B670051C24E /* viewControllerFive.swift in Sources */,
				4C01639E221F3CA80051C24E /* ViewController.swift in Sources */,
				4C0163B62226470A0051C24E /* viewControllerSix.swift in Sources */,
				4C3209A622264C1400ECF7B2 /* ViewControllerEight.swift in Sources */,
				4C0163AE221F44630051C24E /* viewControllerTwo.swift in Sources */,
				4C3209B0222793E100ECF7B2 /* ViewControllerThirteen.swift in Sources */,
				4C3209B82227BC8300ECF7B2 /* ViewControllerSeventeen.swift in Sources */,
				4C3209B42227966600ECF7B2 /* ViewControllerFifteen.swift in Sources */,
				4C3209C22227C71F00ECF7B2 /* ViewControllerTwentytwo.swift in Sources */,
				4C3209BC2227C0DB00ECF7B2 /* ViewControllerNineteen.swift in Sources */,
				4C3209BE2227C21600ECF7B2 /* ViewControllerTwenty.swift in Sources */,
				4C3209C42227C87900ECF7B2 /* ViewControllerTwentyThree.swift in Sources */,
				4C3209A4222649F900ECF7B2 /* viewControllerSeven.swift in Sources */,
				4C0163B2222494610051C24E /* ViewControllerFour.swift in Sources */,
				4C01639C221F3CA80051C24E /* AppDelegate.swift in Sources */,
				4C3209A822264DFD00ECF7B2 /* ViewControllerNine.swift in Sources */,
				4C0163B022248CD50051C24E /* viewControllerThree.swift in Sources */,
				4C3209AE2227930E00ECF7B2 /* ViewControllerTwelve.swift in Sources */,
				4C3209AA22264F2600ECF7B2 /* ViewControllerTen.swift in Sources */,
				4C3209AC222791EE00ECF7B2 /* ViewControllerEleven.swift in Sources */,
				4C3209C82227CA9C00ECF7B2 /* ViewControllerTwentyfive.swift in Sources */,
				4C3209B2222794E800ECF7B2 /* ViewControllerFourteen.swift in Sources */,
				4C3209BA2227BEE300ECF7B2 /* ViewControllerEighteen.swift in Sources */,
				4C3209C62227C9FF00ECF7B2 /* ViewControllerTwentyFour.swift in Sources */,
				4C3209B62227984600ECF7B2 /* ViewControllerSixteen.swift in Sources */,
			);
			runOnlyForDeploymentPostprocessing = 0;
		};
/* End PBXSourcesBuildPhase section */

/* Begin PBXVariantGroup section */
		4C01639F221F3CA80051C24E /* Main.storyboard */ = {
			isa = PBXVariantGroup;
			children = (
				4C0163A0221F3CA80051C24E /* Base */,
			);
			name = Main.storyboard;
			sourceTree = "<group>";
		};
		4C0163A4221F3CA90051C24E /* LaunchScreen.storyboard */ = {
			isa = PBXVariantGroup;
			children = (
				4C0163A5221F3CA90051C24E /* Base */,
			);
			name = LaunchScreen.storyboard;
			sourceTree = "<group>";
		};
/* End PBXVariantGroup section */

/* Begin XCBuildConfiguration section */
		4C0163A8221F3CA90051C24E /* Debug */ = {
			isa = XCBuildConfiguration;
			buildSettings = {
				ALWAYS_SEARCH_USER_PATHS = NO;
				CLANG_ANALYZER_NONNULL = YES;
				CLANG_ANALYZER_NUMBER_OBJECT_CONVERSION = YES_AGGRESSIVE;
				CLANG_CXX_LANGUAGE_STANDARD = "gnu++14";
				CLANG_CXX_LIBRARY = "libc++";
				CLANG_ENABLE_MODULES = YES;
				CLANG_ENABLE_OBJC_ARC = YES;
				CLANG_ENABLE_OBJC_WEAK = YES;
				CLANG_WARN_BLOCK_CAPTURE_AUTORELEASING = YES;
				CLANG_WARN_BOOL_CONVERSION = YES;
				CLANG_WARN_COMMA = YES;
				CLANG_WARN_CONSTANT_CONVERSION = YES;
				CLANG_WARN_DEPRECATED_OBJC_IMPLEMENTATIONS = YES;
				CLANG_WARN_DIRECT_OBJC_ISA_USAGE = YES_ERROR;
				CLANG_WARN_DOCUMENTATION_COMMENTS = YES;
				CLANG_WARN_EMPTY_BODY = YES;
				CLANG_WARN_ENUM_CONVERSION = YES;
				CLANG_WARN_INFINITE_RECURSION = YES;
				CLANG_WARN_INT_CONVERSION = YES;
				CLANG_WARN_NON_LITERAL_NULL_CONVERSION = YES;
				CLANG_WARN_OBJC_IMPLICIT_RETAIN_SELF = YES;
				CLANG_WARN_OBJC_LITERAL_CONVERSION = YES;
				CLANG_WARN_OBJC_ROOT_CLASS = YES_ERROR;
				CLANG_WARN_RANGE_LOOP_ANALYSIS = YES;
				CLANG_WARN_STRICT_PROTOTYPES = YES;
				CLANG_WARN_SUSPICIOUS_MOVE = YES;
				CLANG_WARN_UNGUARDED_AVAILABILITY = YES_AGGRESSIVE;
				CLANG_WARN_UNREACHABLE_CODE = YES;
				CLANG_WARN__DUPLICATE_METHOD_MATCH = YES;
				CODE_SIGN_IDENTITY = "iPhone Developer";
				COPY_PHASE_STRIP = NO;
				DEBUG_INFORMATION_FORMAT = dwarf;
				ENABLE_STRICT_OBJC_MSGSEND = YES;
				ENABLE_TESTABILITY = YES;
				GCC_C_LANGUAGE_STANDARD = gnu11;
				GCC_DYNAMIC_NO_PIC = NO;
				GCC_NO_COMMON_BLOCKS = YES;
				GCC_OPTIMIZATION_LEVEL = 0;
				GCC_PREPROCESSOR_DEFINITIONS = (
					"DEBUG=1",
					"$(inherited)",
				);
				GCC_WARN_64_TO_32_BIT_CONVERSION = YES;
				GCC_WARN_ABOUT_RETURN_TYPE = YES_ERROR;
				GCC_WARN_UNDECLARED_SELECTOR = YES;
				GCC_WARN_UNINITIALIZED_AUTOS = YES_AGGRESSIVE;
				GCC_WARN_UNUSED_FUNCTION = YES;
				GCC_WARN_UNUSED_VARIABLE = YES;
				IPHONEOS_DEPLOYMENT_TARGET = 12.1;
				MTL_ENABLE_DEBUG_INFO = INCLUDE_SOURCE;
				MTL_FAST_MATH = YES;
				ONLY_ACTIVE_ARCH = YES;
				SDKROOT = iphoneos;
				SWIFT_ACTIVE_COMPILATION_CONDITIONS = DEBUG;
				SWIFT_OPTIMIZATION_LEVEL = "-Onone";
			};
			name = Debug;
		};
		4C0163A9221F3CA90051C24E /* Release */ = {
			isa = XCBuildConfiguration;
			buildSettings = {
				ALWAYS_SEARCH_USER_PATHS = NO;
				CLANG_ANALYZER_NONNULL = YES;
				CLANG_ANALYZER_NUMBER_OBJECT_CONVERSION = YES_AGGRESSIVE;
				CLANG_CXX_LANGUAGE_STANDARD = "gnu++14";
				CLANG_CXX_LIBRARY = "libc++";
				CLANG_ENABLE_MODULES = YES;
				CLANG_ENABLE_OBJC_ARC = YES;
				CLANG_ENABLE_OBJC_WEAK = YES;
				CLANG_WARN_BLOCK_CAPTURE_AUTORELEASING = YES;
				CLANG_WARN_BOOL_CONVERSION = YES;
				CLANG_WARN_COMMA = YES;
				CLANG_WARN_CONSTANT_CONVERSION = YES;
				CLANG_WARN_DEPRECATED_OBJC_IMPLEMENTATIONS = YES;
				CLANG_WARN_DIRECT_OBJC_ISA_USAGE = YES_ERROR;
				CLANG_WARN_DOCUMENTATION_COMMENTS = YES;
				CLANG_WARN_EMPTY_BODY = YES;
				CLANG_WARN_ENUM_CONVERSION = YES;
				CLANG_WARN_INFINITE_RECURSION = YES;
				CLANG_WARN_INT_CONVERSION = YES;
				CLANG_WARN_NON_LITERAL_NULL_CONVERSION = YES;
				CLANG_WARN_OBJC_IMPLICIT_RETAIN_SELF = YES;
				CLANG_WARN_OBJC_LITERAL_CONVERSION = YES;
				CLANG_WARN_OBJC_ROOT_CLASS = YES_ERROR;
				CLANG_WARN_RANGE_LOOP_ANALYSIS = YES;
				CLANG_WARN_STRICT_PROTOTYPES = YES;
				CLANG_WARN_SUSPICIOUS_MOVE = YES;
				CLANG_WARN_UNGUARDED_AVAILABILITY = YES_AGGRESSIVE;
				CLANG_WARN_UNREACHABLE_CODE = YES;
				CLANG_WARN__DUPLICATE_METHOD_MATCH = YES;
				CODE_SIGN_IDENTITY = "iPhone Developer";
				COPY_PHASE_STRIP = NO;
				DEBUG_INFORMATION_FORMAT = "dwarf-with-dsym";
				ENABLE_NS_ASSERTIONS = NO;
				ENABLE_STRICT_OBJC_MSGSEND = YES;
				GCC_C_LANGUAGE_STANDARD = gnu11;
				GCC_NO_COMMON_BLOCKS = YES;
				GCC_WARN_64_TO_32_BIT_CONVERSION = YES;
				GCC_WARN_ABOUT_RETURN_TYPE = YES_ERROR;
				GCC_WARN_UNDECLARED_SELECTOR = YES;
				GCC_WARN_UNINITIALIZED_AUTOS = YES_AGGRESSIVE;
				GCC_WARN_UNUSED_FUNCTION = YES;
				GCC_WARN_UNUSED_VARIABLE = YES;
				IPHONEOS_DEPLOYMENT_TARGET = 12.1;
				MTL_ENABLE_DEBUG_INFO = NO;
				MTL_FAST_MATH = YES;
				SDKROOT = iphoneos;
				SWIFT_COMPILATION_MODE = wholemodule;
				SWIFT_OPTIMIZATION_LEVEL = "-O";
				VALIDATE_PRODUCT = YES;
			};
			name = Release;
		};
		4C0163AB221F3CA90051C24E /* Debug */ = {
			isa = XCBuildConfiguration;
			buildSettings = {
				ASSETCATALOG_COMPILER_APPICON_NAME = AppIcon;
				CODE_SIGN_STYLE = Automatic;
				INFOPLIST_FILE = "Cretean 4/Info.plist";
				LD_RUNPATH_SEARCH_PATHS = (
					"$(inherited)",
					"@executable_path/Frameworks",
				);
				PRODUCT_BUNDLE_IDENTIFIER = "us.bscreative.Cretean-4";
				PRODUCT_NAME = "$(TARGET_NAME)";
				SWIFT_VERSION = 4.2;
				TARGETED_DEVICE_FAMILY = "1,2";
			};
			name = Debug;
		};
		4C0163AC221F3CA90051C24E /* Release */ = {
			isa = XCBuildConfiguration;
			buildSettings = {
				ASSETCATALOG_COMPILER_APPICON_NAME = AppIcon;
				CODE_SIGN_STYLE = Automatic;
				INFOPLIST_FILE = "Cretean 4/Info.plist";
				LD_RUNPATH_SEARCH_PATHS = (
					"$(inherited)",
					"@executable_path/Frameworks",
				);
				PRODUCT_BUNDLE_IDENTIFIER = "us.bscreative.Cretean-4";
				PRODUCT_NAME = "$(TARGET_NAME)";
				SWIFT_VERSION = 4.2;
				TARGETED_DEVICE_FAMILY = "1,2";
			};
			name = Release;
		};
/* End XCBuildConfiguration section */

/* Begin XCConfigurationList section */
		4C016393221F3CA80051C24E /* Build configuration list for PBXProject "Cretean 4" */ = {
			isa = XCConfigurationList;
			buildConfigurations = (
				4C0163A8221F3CA90051C24E /* Debug */,
				4C0163A9221F3CA90051C24E /* Release */,
			);
			defaultConfigurationIsVisible = 0;
			defaultConfigurationName = Release;
		};
		4C0163AA221F3CA90051C24E /* Build configuration list for PBXNativeTarget "Cretean 4" */ = {
			isa = XCConfigurationList;
			buildConfigurations = (
				4C0163AB221F3CA90051C24E /* Debug */,
				4C0163AC221F3CA90051C24E /* Release */,
			);
			defaultConfigurationIsVisible = 0;
			defaultConfigurationName = Release;
		};
/* End XCConfigurationList section */
	};
	rootObject = 4C016390221F3CA80051C24E /* Project object */;
}
